# This file is automatically @generated by Poetry 1.8.3 and should not be changed by hand.

[[package]]
name = "cleo"
version = "2.1.0"
description = "Cleo allows you to create beautiful and testable command-line interfaces."
optional = false
python-versions = ">=3.7,<4.0"
files = [
    {file = "cleo-2.1.0-py3-none-any.whl", hash = "sha256:4a31bd4dd45695a64ee3c4758f583f134267c2bc518d8ae9a29cf237d009b07e"},
    {file = "cleo-2.1.0.tar.gz", hash = "sha256:0b2c880b5d13660a7ea651001fb4acb527696c01f15c9ee650f377aa543fd523"},
]

[package.dependencies]
crashtest = ">=0.4.1,<0.5.0"
rapidfuzz = ">=3.0.0,<4.0.0"

[[package]]
name = "colorama"
version = "0.4.6"
description = "Cross-platform colored terminal text."
optional = false
python-versions = "!=3.0.*,!=3.1.*,!=3.2.*,!=3.3.*,!=3.4.*,!=3.5.*,!=3.6.*,>=2.7"
files = [
    {file = "colorama-0.4.6-py2.py3-none-any.whl", hash = "sha256:4f1d9991f5acc0ca119f9d443620b77f9d6b33703e51011c16baf57afb285fc6"},
    {file = "colorama-0.4.6.tar.gz", hash = "sha256:08695f5cb7ed6e0531a20572697297273c47b8cae5a63ffc6d6ed5c201be6e44"},
]

[[package]]
name = "crashtest"
version = "0.4.1"
description = "Manage Python errors with ease"
optional = false
python-versions = ">=3.7,<4.0"
files = [
    {file = "crashtest-0.4.1-py3-none-any.whl", hash = "sha256:8d23eac5fa660409f57472e3851dab7ac18aba459a8d19cbbba86d3d5aecd2a5"},
    {file = "crashtest-0.4.1.tar.gz", hash = "sha256:80d7b1f316ebfbd429f648076d6275c877ba30ba48979de4191714a75266f0ce"},
]

[[package]]
name = "exceptiongroup"
version = "1.2.2"
description = "Backport of PEP 654 (exception groups)"
optional = false
python-versions = ">=3.7"
files = [
    {file = "exceptiongroup-1.2.2-py3-none-any.whl", hash = "sha256:3111b9d131c238bec2f8f516e123e14ba243563fb135d3fe885990585aa7795b"},
    {file = "exceptiongroup-1.2.2.tar.gz", hash = "sha256:47c2edf7c6738fafb49fd34290706d1a1a2f4d1c6df275526b62cbb4aa5393cc"},
]

[package.extras]
test = ["pytest (>=6)"]

[[package]]
name = "importlib-metadata"
version = "8.0.0"
description = "Read metadata from Python packages"
optional = false
python-versions = ">=3.8"
files = [
    {file = "importlib_metadata-8.0.0-py3-none-any.whl", hash = "sha256:15584cf2b1bf449d98ff8a6ff1abef57bf20f3ac6454f431736cd3e660921b2f"},
    {file = "importlib_metadata-8.0.0.tar.gz", hash = "sha256:188bd24e4c346d3f0a933f275c2fec67050326a856b9a359881d7c2a697e8812"},
]

[package.dependencies]
zipp = ">=0.5"

[package.extras]
doc = ["furo", "jaraco.packaging (>=9.3)", "jaraco.tidelift (>=1.4)", "rst.linker (>=1.9)", "sphinx (>=3.5)", "sphinx-lint"]
perf = ["ipython"]
test = ["flufl.flake8", "importlib-resources (>=1.3)", "jaraco.test (>=5.4)", "packaging", "pyfakefs", "pytest (>=6,!=8.1.*)", "pytest-checkdocs (>=2.4)", "pytest-cov", "pytest-enabler (>=2.2)", "pytest-mypy", "pytest-perf (>=0.9.2)", "pytest-ruff (>=0.2.1)"]

[[package]]
name = "iniconfig"
version = "2.0.0"
description = "brain-dead simple config-ini parsing"
optional = false
python-versions = ">=3.7"
files = [
    {file = "iniconfig-2.0.0-py3-none-any.whl", hash = "sha256:b6a85871a79d2e3b22d2d1b94ac2824226a63c6b741c88f7ae975f18b6778374"},
    {file = "iniconfig-2.0.0.tar.gz", hash = "sha256:2d91e135bf72d31a410b17c16da610a82cb55f6b0477d1a902134b24a455b8b3"},
]

[[package]]
name = "packaging"
version = "24.1"
description = "Core utilities for Python packages"
optional = false
python-versions = ">=3.8"
files = [
    {file = "packaging-24.1-py3-none-any.whl", hash = "sha256:5b8f2217dbdbd2f7f384c41c628544e6d52f2d0f53c6d0c3ea61aa5d1d7ff124"},
    {file = "packaging-24.1.tar.gz", hash = "sha256:026ed72c8ed3fcce5bf8950572258698927fd1dbda10a5e981cdf0ac37f4f002"},
]

[[package]]
name = "pluggy"
version = "1.5.0"
description = "plugin and hook calling mechanisms for python"
optional = false
python-versions = ">=3.8"
files = [
    {file = "pluggy-1.5.0-py3-none-any.whl", hash = "sha256:44e1ad92c8ca002de6377e165f3e0f1be63266ab4d554740532335b9d75ea669"},
    {file = "pluggy-1.5.0.tar.gz", hash = "sha256:2cffa88e94fdc978c4c574f15f9e59b7f4201d439195c3715ca9e2486f1d0cf1"},
]

[package.extras]
dev = ["pre-commit", "tox"]
testing = ["pytest", "pytest-benchmark"]

[[package]]
name = "pytest"
version = "8.3.1"
description = "pytest: simple powerful testing with Python"
optional = false
python-versions = ">=3.8"
files = [
    {file = "pytest-8.3.1-py3-none-any.whl", hash = "sha256:e9600ccf4f563976e2c99fa02c7624ab938296551f280835ee6516df8bc4ae8c"},
    {file = "pytest-8.3.1.tar.gz", hash = "sha256:7e8e5c5abd6e93cb1cc151f23e57adc31fcf8cfd2a3ff2da63e23f732de35db6"},
]

[package.dependencies]
colorama = {version = "*", markers = "sys_platform == \"win32\""}
exceptiongroup = {version = ">=1.0.0rc8", markers = "python_version < \"3.11\""}
iniconfig = "*"
packaging = "*"
pluggy = ">=1.5,<2"
tomli = {version = ">=1", markers = "python_version < \"3.11\""}

[package.extras]
dev = ["argcomplete", "attrs (>=19.2)", "hypothesis (>=3.56)", "mock", "pygments (>=2.7.2)", "requests", "setuptools", "xmlschema"]

[[package]]
name = "rapidfuzz"
version = "3.9.4"
description = "rapid fuzzy string matching"
optional = false
python-versions = ">=3.8"
files = [
    {file = "rapidfuzz-3.9.4-cp310-cp310-macosx_10_9_x86_64.whl", hash = "sha256:c9b9793c19bdf38656c8eaefbcf4549d798572dadd70581379e666035c9df781"},
    {file = "rapidfuzz-3.9.4-cp310-cp310-macosx_11_0_arm64.whl", hash = "sha256:015b5080b999404fe06ec2cb4f40b0be62f0710c926ab41e82dfbc28e80675b4"},
    {file = "rapidfuzz-3.9.4-cp310-cp310-manylinux_2_17_aarch64.manylinux2014_aarch64.whl", hash = "sha256:acc5ceca9c1e1663f3e6c23fb89a311f69b7615a40ddd7645e3435bf3082688a"},
    {file = "rapidfuzz-3.9.4-cp310-cp310-manylinux_2_17_i686.manylinux2014_i686.whl", hash = "sha256:1424e238bc3f20e1759db1e0afb48a988a9ece183724bef91ea2a291c0b92a95"},
    {file = "rapidfuzz-3.9.4-cp310-cp310-manylinux_2_17_ppc64le.manylinux2014_ppc64le.whl", hash = "sha256:ed01378f605aa1f449bee82cd9c83772883120d6483e90aa6c5a4ce95dc5c3aa"},
    {file = "rapidfuzz-3.9.4-cp310-cp310-manylinux_2_17_s390x.manylinux2014_s390x.whl", hash = "sha256:eb26d412271e5a76cdee1c2d6bf9881310665d3fe43b882d0ed24edfcb891a84"},
    {file = "rapidfuzz-3.9.4-cp310-cp310-manylinux_2_17_x86_64.manylinux2014_x86_64.whl", hash = "sha256:8f37e9e1f17be193c41a31c864ad4cd3ebd2b40780db11cd5c04abf2bcf4201b"},
    {file = "rapidfuzz-3.9.4-cp310-cp310-musllinux_1_2_aarch64.whl", hash = "sha256:d070ec5cf96b927c4dc5133c598c7ff6db3b833b363b2919b13417f1002560bc"},
    {file = "rapidfuzz-3.9.4-cp310-cp310-musllinux_1_2_i686.whl", hash = "sha256:10e61bb7bc807968cef09a0e32ce253711a2d450a4dce7841d21d45330ffdb24"},
    {file = "rapidfuzz-3.9.4-cp310-cp310-musllinux_1_2_ppc64le.whl", hash = "sha256:31a2fc60bb2c7face4140010a7aeeafed18b4f9cdfa495cc644a68a8c60d1ff7"},
    {file = "rapidfuzz-3.9.4-cp310-cp310-musllinux_1_2_s390x.whl", hash = "sha256:fbebf1791a71a2e89f5c12b78abddc018354d5859e305ec3372fdae14f80a826"},
    {file = "rapidfuzz-3.9.4-cp310-cp310-musllinux_1_2_x86_64.whl", hash = "sha256:aee9fc9e3bb488d040afc590c0a7904597bf4ccd50d1491c3f4a5e7e67e6cd2c"},
    {file = "rapidfuzz-3.9.4-cp310-cp310-win32.whl", hash = "sha256:005a02688a51c7d2451a2d41c79d737aa326ff54167211b78a383fc2aace2c2c"},
    {file = "rapidfuzz-3.9.4-cp310-cp310-win_amd64.whl", hash = "sha256:3a2e75e41ee3274754d3b2163cc6c82cd95b892a85ab031f57112e09da36455f"},
    {file = "rapidfuzz-3.9.4-cp310-cp310-win_arm64.whl", hash = "sha256:2c99d355f37f2b289e978e761f2f8efeedc2b14f4751d9ff7ee344a9a5ca98d9"},
    {file = "rapidfuzz-3.9.4-cp311-cp311-macosx_10_9_x86_64.whl", hash = "sha256:07141aa6099e39d48637ce72a25b893fc1e433c50b3e837c75d8edf99e0c63e1"},
    {file = "rapidfuzz-3.9.4-cp311-cp311-macosx_11_0_arm64.whl", hash = "sha256:db1664eaff5d7d0f2542dd9c25d272478deaf2c8412e4ad93770e2e2d828e175"},
    {file = "rapidfuzz-3.9.4-cp311-cp311-manylinux_2_17_aarch64.manylinux2014_aarch64.whl", hash = "sha256:bc01a223f6605737bec3202e94dcb1a449b6c76d46082cfc4aa980f2a60fd40e"},
    {file = "rapidfuzz-3.9.4-cp311-cp311-manylinux_2_17_i686.manylinux2014_i686.whl", hash = "sha256:1869c42e73e2a8910b479be204fa736418741b63ea2325f9cc583c30f2ded41a"},
    {file = "rapidfuzz-3.9.4-cp311-cp311-manylinux_2_17_ppc64le.manylinux2014_ppc64le.whl", hash = "sha256:62ea7007941fb2795fff305ac858f3521ec694c829d5126e8f52a3e92ae75526"},
    {file = "rapidfuzz-3.9.4-cp311-cp311-manylinux_2_17_s390x.manylinux2014_s390x.whl", hash = "sha256:698e992436bf7f0afc750690c301215a36ff952a6dcd62882ec13b9a1ebf7a39"},
    {file = "rapidfuzz-3.9.4-cp311-cp311-manylinux_2_17_x86_64.manylinux2014_x86_64.whl", hash = "sha256:b76f611935f15a209d3730c360c56b6df8911a9e81e6a38022efbfb96e433bab"},
    {file = "rapidfuzz-3.9.4-cp311-cp311-musllinux_1_2_aarch64.whl", hash = "sha256:129627d730db2e11f76169344a032f4e3883d34f20829419916df31d6d1338b1"},
    {file = "rapidfuzz-3.9.4-cp311-cp311-musllinux_1_2_i686.whl", hash = "sha256:90a82143c14e9a14b723a118c9ef8d1bbc0c5a16b1ac622a1e6c916caff44dd8"},
    {file = "rapidfuzz-3.9.4-cp311-cp311-musllinux_1_2_ppc64le.whl", hash = "sha256:ded58612fe3b0e0d06e935eaeaf5a9fd27da8ba9ed3e2596307f40351923bf72"},
    {file = "rapidfuzz-3.9.4-cp311-cp311-musllinux_1_2_s390x.whl", hash = "sha256:f16f5d1c4f02fab18366f2d703391fcdbd87c944ea10736ca1dc3d70d8bd2d8b"},
    {file = "rapidfuzz-3.9.4-cp311-cp311-musllinux_1_2_x86_64.whl", hash = "sha256:26aa7eece23e0df55fb75fbc2a8fb678322e07c77d1fd0e9540496e6e2b5f03e"},
    {file = "rapidfuzz-3.9.4-cp311-cp311-win32.whl", hash = "sha256:f187a9c3b940ce1ee324710626daf72c05599946bd6748abe9e289f1daa9a077"},
    {file = "rapidfuzz-3.9.4-cp311-cp311-win_amd64.whl", hash = "sha256:d8e9130fe5d7c9182990b366ad78fd632f744097e753e08ace573877d67c32f8"},
    {file = "rapidfuzz-3.9.4-cp311-cp311-win_arm64.whl", hash = "sha256:40419e98b10cd6a00ce26e4837a67362f658fc3cd7a71bd8bd25c99f7ee8fea5"},
    {file = "rapidfuzz-3.9.4-cp312-cp312-macosx_10_9_x86_64.whl", hash = "sha256:b5d5072b548db1b313a07d62d88fe0b037bd2783c16607c647e01b070f6cf9e5"},
    {file = "rapidfuzz-3.9.4-cp312-cp312-macosx_11_0_arm64.whl", hash = "sha256:cf5bcf22e1f0fd273354462631d443ef78d677f7d2fc292de2aec72ae1473e66"},
    {file = "rapidfuzz-3.9.4-cp312-cp312-manylinux_2_17_aarch64.manylinux2014_aarch64.whl", hash = "sha256:0c8fc973adde8ed52810f590410e03fb6f0b541bbaeb04c38d77e63442b2df4c"},
    {file = "rapidfuzz-3.9.4-cp312-cp312-manylinux_2_17_i686.manylinux2014_i686.whl", hash = "sha256:f2464bb120f135293e9a712e342c43695d3d83168907df05f8c4ead1612310c7"},
    {file = "rapidfuzz-3.9.4-cp312-cp312-manylinux_2_17_ppc64le.manylinux2014_ppc64le.whl", hash = "sha256:8d9d58689aca22057cf1a5851677b8a3ccc9b535ca008c7ed06dc6e1899f7844"},
    {file = "rapidfuzz-3.9.4-cp312-cp312-manylinux_2_17_s390x.manylinux2014_s390x.whl", hash = "sha256:167e745f98baa0f3034c13583e6302fb69249a01239f1483d68c27abb841e0a1"},
    {file = "rapidfuzz-3.9.4-cp312-cp312-manylinux_2_17_x86_64.manylinux2014_x86_64.whl", hash = "sha256:db0bf0663b4b6da1507869722420ea9356b6195aa907228d6201303e69837af9"},
    {file = "rapidfuzz-3.9.4-cp312-cp312-musllinux_1_2_aarch64.whl", hash = "sha256:cd6ac61b74fdb9e23f04d5f068e6cf554f47e77228ca28aa2347a6ca8903972f"},
    {file = "rapidfuzz-3.9.4-cp312-cp312-musllinux_1_2_i686.whl", hash = "sha256:60ff67c690acecf381759c16cb06c878328fe2361ddf77b25d0e434ea48a29da"},
    {file = "rapidfuzz-3.9.4-cp312-cp312-musllinux_1_2_ppc64le.whl", hash = "sha256:cb934363380c60f3a57d14af94325125cd8cded9822611a9f78220444034e36e"},
    {file = "rapidfuzz-3.9.4-cp312-cp312-musllinux_1_2_s390x.whl", hash = "sha256:fe833493fb5cc5682c823ea3e2f7066b07612ee8f61ecdf03e1268f262106cdd"},
    {file = "rapidfuzz-3.9.4-cp312-cp312-musllinux_1_2_x86_64.whl", hash = "sha256:2797fb847d89e04040d281cb1902cbeffbc4b5131a5c53fc0db490fd76b2a547"},
    {file = "rapidfuzz-3.9.4-cp312-cp312-win32.whl", hash = "sha256:52e3d89377744dae68ed7c84ad0ddd3f5e891c82d48d26423b9e066fc835cc7c"},
    {file = "rapidfuzz-3.9.4-cp312-cp312-win_amd64.whl", hash = "sha256:c76da20481c906e08400ee9be230f9e611d5931a33707d9df40337c2655c84b5"},
    {file = "rapidfuzz-3.9.4-cp312-cp312-win_arm64.whl", hash = "sha256:f2d2846f3980445864c7e8b8818a29707fcaff2f0261159ef6b7bd27ba139296"},
    {file = "rapidfuzz-3.9.4-cp38-cp38-macosx_10_9_x86_64.whl", hash = "sha256:355fc4a268ffa07bab88d9adee173783ec8d20136059e028d2a9135c623c44e6"},
    {file = "rapidfuzz-3.9.4-cp38-cp38-macosx_11_0_arm64.whl", hash = "sha256:4d81a78f90269190b568a8353d4ea86015289c36d7e525cd4d43176c88eff429"},
    {file = "rapidfuzz-3.9.4-cp38-cp38-manylinux_2_17_aarch64.manylinux2014_aarch64.whl", hash = "sha256:9e618625ffc4660b26dc8e56225f8b966d5842fa190e70c60db6cd393e25b86e"},
    {file = "rapidfuzz-3.9.4-cp38-cp38-manylinux_2_17_i686.manylinux2014_i686.whl", hash = "sha256:b712336ad6f2bacdbc9f1452556e8942269ef71f60a9e6883ef1726b52d9228a"},
    {file = "rapidfuzz-3.9.4-cp38-cp38-manylinux_2_17_ppc64le.manylinux2014_ppc64le.whl", hash = "sha256:84fc1ee19fdad05770c897e793836c002344524301501d71ef2e832847425707"},
    {file = "rapidfuzz-3.9.4-cp38-cp38-manylinux_2_17_s390x.manylinux2014_s390x.whl", hash = "sha256:1950f8597890c0c707cb7e0416c62a1cf03dcdb0384bc0b2dbda7e05efe738ec"},
    {file = "rapidfuzz-3.9.4-cp38-cp38-manylinux_2_17_x86_64.manylinux2014_x86_64.whl", hash = "sha256:4a6c35f272ec9c430568dc8c1c30cb873f6bc96be2c79795e0bce6db4e0e101d"},
    {file = "rapidfuzz-3.9.4-cp38-cp38-musllinux_1_2_aarch64.whl", hash = "sha256:1df0f9e9239132a231c86ae4f545ec2b55409fa44470692fcfb36b1bd00157ad"},
    {file = "rapidfuzz-3.9.4-cp38-cp38-musllinux_1_2_i686.whl", hash = "sha256:d2c51955329bfccf99ae26f63d5928bf5be9fcfcd9f458f6847fd4b7e2b8986c"},
    {file = "rapidfuzz-3.9.4-cp38-cp38-musllinux_1_2_ppc64le.whl", hash = "sha256:3c522f462d9fc504f2ea8d82e44aa580e60566acc754422c829ad75c752fbf8d"},
    {file = "rapidfuzz-3.9.4-cp38-cp38-musllinux_1_2_s390x.whl", hash = "sha256:d8a52fc50ded60d81117d7647f262c529659fb21d23e14ebfd0b35efa4f1b83d"},
    {file = "rapidfuzz-3.9.4-cp38-cp38-musllinux_1_2_x86_64.whl", hash = "sha256:04dbdfb0f0bfd3f99cf1e9e24fadc6ded2736d7933f32f1151b0f2abb38f9a25"},
    {file = "rapidfuzz-3.9.4-cp38-cp38-win32.whl", hash = "sha256:4968c8bd1df84b42f382549e6226710ad3476f976389839168db3e68fd373298"},
    {file = "rapidfuzz-3.9.4-cp38-cp38-win_amd64.whl", hash = "sha256:3fe4545f89f8d6c27b6bbbabfe40839624873c08bd6700f63ac36970a179f8f5"},
    {file = "rapidfuzz-3.9.4-cp39-cp39-macosx_10_9_x86_64.whl", hash = "sha256:9f256c8fb8f3125574c8c0c919ab0a1f75d7cba4d053dda2e762dcc36357969d"},
    {file = "rapidfuzz-3.9.4-cp39-cp39-macosx_11_0_arm64.whl", hash = "sha256:f5fdc09cf6e9d8eac3ce48a4615b3a3ee332ea84ac9657dbbefef913b13e632f"},
    {file = "rapidfuzz-3.9.4-cp39-cp39-manylinux_2_17_aarch64.manylinux2014_aarch64.whl", hash = "sha256:d395d46b80063d3b5d13c0af43d2c2cedf3ab48c6a0c2aeec715aa5455b0c632"},
    {file = "rapidfuzz-3.9.4-cp39-cp39-manylinux_2_17_i686.manylinux2014_i686.whl", hash = "sha256:7fa714fb96ce9e70c37e64c83b62fe8307030081a0bfae74a76fac7ba0f91715"},
    {file = "rapidfuzz-3.9.4-cp39-cp39-manylinux_2_17_ppc64le.manylinux2014_ppc64le.whl", hash = "sha256:1bc1a0f29f9119be7a8d3c720f1d2068317ae532e39e4f7f948607c3a6de8396"},
    {file = "rapidfuzz-3.9.4-cp39-cp39-manylinux_2_17_s390x.manylinux2014_s390x.whl", hash = "sha256:6022674aa1747d6300f699cd7c54d7dae89bfe1f84556de699c4ac5df0838082"},
    {file = "rapidfuzz-3.9.4-cp39-cp39-manylinux_2_17_x86_64.manylinux2014_x86_64.whl", hash = "sha256:dcb72e5f9762fd469701a7e12e94b924af9004954f8c739f925cb19c00862e38"},
    {file = "rapidfuzz-3.9.4-cp39-cp39-musllinux_1_2_aarch64.whl", hash = "sha256:ad04ae301129f0eb5b350a333accd375ce155a0c1cec85ab0ec01f770214e2e4"},
    {file = "rapidfuzz-3.9.4-cp39-cp39-musllinux_1_2_i686.whl", hash = "sha256:f46a22506f17c0433e349f2d1dc11907c393d9b3601b91d4e334fa9a439a6a4d"},
    {file = "rapidfuzz-3.9.4-cp39-cp39-musllinux_1_2_ppc64le.whl", hash = "sha256:01b42a8728c36011718da409aa86b84984396bf0ca3bfb6e62624f2014f6022c"},
    {file = "rapidfuzz-3.9.4-cp39-cp39-musllinux_1_2_s390x.whl", hash = "sha256:e590d5d5443cf56f83a51d3c4867bd1f6be8ef8cfcc44279522bcef3845b2a51"},
    {file = "rapidfuzz-3.9.4-cp39-cp39-musllinux_1_2_x86_64.whl", hash = "sha256:4c72078b5fdce34ba5753f9299ae304e282420e6455e043ad08e4488ca13a2b0"},
    {file = "rapidfuzz-3.9.4-cp39-cp39-win32.whl", hash = "sha256:f75639277304e9b75e6a7b3c07042d2264e16740a11e449645689ed28e9c2124"},
    {file = "rapidfuzz-3.9.4-cp39-cp39-win_amd64.whl", hash = "sha256:e81e27e8c32a1e1278a4bb1ce31401bfaa8c2cc697a053b985a6f8d013df83ec"},
    {file = "rapidfuzz-3.9.4-cp39-cp39-win_arm64.whl", hash = "sha256:15bc397ee9a3ed1210b629b9f5f1da809244adc51ce620c504138c6e7095b7bd"},
    {file = "rapidfuzz-3.9.4-pp310-pypy310_pp73-macosx_10_15_x86_64.whl", hash = "sha256:20488ade4e1ddba3cfad04f400da7a9c1b91eff5b7bd3d1c50b385d78b587f4f"},
    {file = "rapidfuzz-3.9.4-pp310-pypy310_pp73-macosx_11_0_arm64.whl", hash = "sha256:e61b03509b1a6eb31bc5582694f6df837d340535da7eba7bedb8ae42a2fcd0b9"},
    {file = "rapidfuzz-3.9.4-pp310-pypy310_pp73-manylinux_2_17_aarch64.manylinux2014_aarch64.whl", hash = "sha256:098d231d4e51644d421a641f4a5f2f151f856f53c252b03516e01389b2bfef99"},
    {file = "rapidfuzz-3.9.4-pp310-pypy310_pp73-manylinux_2_17_i686.manylinux2014_i686.whl", hash = "sha256:17ab8b7d10fde8dd763ad428aa961c0f30a1b44426e675186af8903b5d134fb0"},
    {file = "rapidfuzz-3.9.4-pp310-pypy310_pp73-manylinux_2_17_x86_64.manylinux2014_x86_64.whl", hash = "sha256:e272df61bee0a056a3daf99f9b1bd82cf73ace7d668894788139c868fdf37d6f"},
    {file = "rapidfuzz-3.9.4-pp310-pypy310_pp73-win_amd64.whl", hash = "sha256:d6481e099ff8c4edda85b8b9b5174c200540fd23c8f38120016c765a86fa01f5"},
    {file = "rapidfuzz-3.9.4-pp38-pypy38_pp73-macosx_10_9_x86_64.whl", hash = "sha256:ad61676e9bdae677d577fe80ec1c2cea1d150c86be647e652551dcfe505b1113"},
    {file = "rapidfuzz-3.9.4-pp38-pypy38_pp73-macosx_11_0_arm64.whl", hash = "sha256:af65020c0dd48d0d8ae405e7e69b9d8ae306eb9b6249ca8bf511a13f465fad85"},
    {file = "rapidfuzz-3.9.4-pp38-pypy38_pp73-manylinux_2_17_aarch64.manylinux2014_aarch64.whl", hash = "sha256:4d38b4e026fcd580e0bda6c0ae941e0e9a52c6bc66cdce0b8b0da61e1959f5f8"},
    {file = "rapidfuzz-3.9.4-pp38-pypy38_pp73-manylinux_2_17_i686.manylinux2014_i686.whl", hash = "sha256:f74ed072c2b9dc6743fb19994319d443a4330b0e64aeba0aa9105406c7c5b9c2"},
    {file = "rapidfuzz-3.9.4-pp38-pypy38_pp73-manylinux_2_17_x86_64.manylinux2014_x86_64.whl", hash = "sha256:aee5f6b8321f90615c184bd8a4c676e9becda69b8e4e451a90923db719d6857c"},
    {file = "rapidfuzz-3.9.4-pp38-pypy38_pp73-win_amd64.whl", hash = "sha256:3a555e3c841d6efa350f862204bb0a3fea0c006b8acc9b152b374fa36518a1c6"},
    {file = "rapidfuzz-3.9.4-pp39-pypy39_pp73-macosx_10_15_x86_64.whl", hash = "sha256:0772150d37bf018110351c01d032bf9ab25127b966a29830faa8ad69b7e2f651"},
    {file = "rapidfuzz-3.9.4-pp39-pypy39_pp73-macosx_11_0_arm64.whl", hash = "sha256:addcdd3c3deef1bd54075bd7aba0a6ea9f1d01764a08620074b7a7b1e5447cb9"},
    {file = "rapidfuzz-3.9.4-pp39-pypy39_pp73-manylinux_2_17_aarch64.manylinux2014_aarch64.whl", hash = "sha256:3fe86b82b776554add8f900b6af202b74eb5efe8f25acdb8680a5c977608727f"},
    {file = "rapidfuzz-3.9.4-pp39-pypy39_pp73-manylinux_2_17_i686.manylinux2014_i686.whl", hash = "sha256:b0fc91ac59f4414d8542454dfd6287a154b8e6f1256718c898f695bdbb993467"},
    {file = "rapidfuzz-3.9.4-pp39-pypy39_pp73-manylinux_2_17_x86_64.manylinux2014_x86_64.whl", hash = "sha256:3a944e546a296a5fdcaabb537b01459f1b14d66f74e584cb2a91448bffadc3c1"},
    {file = "rapidfuzz-3.9.4-pp39-pypy39_pp73-win_amd64.whl", hash = "sha256:4fb96ba96d58c668a17a06b5b5e8340fedc26188e87b0d229d38104556f30cd8"},
    {file = "rapidfuzz-3.9.4.tar.gz", hash = "sha256:366bf8947b84e37f2f4cf31aaf5f37c39f620d8c0eddb8b633e6ba0129ca4a0a"},
]

[package.extras]
full = ["numpy"]

[[package]]
name = "ruff"
version = "0.5.4"
description = "An extremely fast Python linter and code formatter, written in Rust."
optional = false
python-versions = ">=3.7"
files = [
    {file = "ruff-0.5.4-py3-none-linux_armv6l.whl", hash = "sha256:82acef724fc639699b4d3177ed5cc14c2a5aacd92edd578a9e846d5b5ec18ddf"},
    {file = "ruff-0.5.4-py3-none-macosx_10_12_x86_64.whl", hash = "sha256:da62e87637c8838b325e65beee485f71eb36202ce8e3cdbc24b9fcb8b99a37be"},
    {file = "ruff-0.5.4-py3-none-macosx_11_0_arm64.whl", hash = "sha256:e98ad088edfe2f3b85a925ee96da652028f093d6b9b56b76fc242d8abb8e2059"},
    {file = "ruff-0.5.4-py3-none-manylinux_2_17_aarch64.manylinux2014_aarch64.whl", hash = "sha256:4c55efbecc3152d614cfe6c2247a3054cfe358cefbf794f8c79c8575456efe19"},
    {file = "ruff-0.5.4-py3-none-manylinux_2_17_armv7l.manylinux2014_armv7l.whl", hash = "sha256:f9b85eaa1f653abd0a70603b8b7008d9e00c9fa1bbd0bf40dad3f0c0bdd06793"},
    {file = "ruff-0.5.4-py3-none-manylinux_2_17_i686.manylinux2014_i686.whl", hash = "sha256:0cf497a47751be8c883059c4613ba2f50dd06ec672692de2811f039432875278"},
    {file = "ruff-0.5.4-py3-none-manylinux_2_17_ppc64.manylinux2014_ppc64.whl", hash = "sha256:09c14ed6a72af9ccc8d2e313d7acf7037f0faff43cde4b507e66f14e812e37f7"},
    {file = "ruff-0.5.4-py3-none-manylinux_2_17_ppc64le.manylinux2014_ppc64le.whl", hash = "sha256:628f6b8f97b8bad2490240aa84f3e68f390e13fabc9af5c0d3b96b485921cd60"},
    {file = "ruff-0.5.4-py3-none-manylinux_2_17_s390x.manylinux2014_s390x.whl", hash = "sha256:3520a00c0563d7a7a7c324ad7e2cde2355733dafa9592c671fb2e9e3cd8194c1"},
    {file = "ruff-0.5.4-py3-none-manylinux_2_17_x86_64.manylinux2014_x86_64.whl", hash = "sha256:93789f14ca2244fb91ed481456f6d0bb8af1f75a330e133b67d08f06ad85b516"},
    {file = "ruff-0.5.4-py3-none-musllinux_1_2_aarch64.whl", hash = "sha256:029454e2824eafa25b9df46882f7f7844d36fd8ce51c1b7f6d97e2615a57bbcc"},
    {file = "ruff-0.5.4-py3-none-musllinux_1_2_armv7l.whl", hash = "sha256:9492320eed573a13a0bc09a2957f17aa733fff9ce5bf00e66e6d4a88ec33813f"},
    {file = "ruff-0.5.4-py3-none-musllinux_1_2_i686.whl", hash = "sha256:a6e1f62a92c645e2919b65c02e79d1f61e78a58eddaebca6c23659e7c7cb4ac7"},
    {file = "ruff-0.5.4-py3-none-musllinux_1_2_x86_64.whl", hash = "sha256:768fa9208df2bec4b2ce61dbc7c2ddd6b1be9fb48f1f8d3b78b3332c7d71c1ff"},
    {file = "ruff-0.5.4-py3-none-win32.whl", hash = "sha256:e1e7393e9c56128e870b233c82ceb42164966f25b30f68acbb24ed69ce9c3a4e"},
    {file = "ruff-0.5.4-py3-none-win_amd64.whl", hash = "sha256:58b54459221fd3f661a7329f177f091eb35cf7a603f01d9eb3eb11cc348d38c4"},
    {file = "ruff-0.5.4-py3-none-win_arm64.whl", hash = "sha256:bd53da65f1085fb5b307c38fd3c0829e76acf7b2a912d8d79cadcdb4875c1eb7"},
    {file = "ruff-0.5.4.tar.gz", hash = "sha256:2795726d5f71c4f4e70653273d1c23a8182f07dd8e48c12de5d867bfb7557eed"},
]

[[package]]
name = "tomli"
version = "2.0.1"
description = "A lil' TOML parser"
optional = false
python-versions = ">=3.7"
files = [
    {file = "tomli-2.0.1-py3-none-any.whl", hash = "sha256:939de3e7a6161af0c887ef91b7d41a53e7c5a1ca976325f429cb46ea9bc30ecc"},
    {file = "tomli-2.0.1.tar.gz", hash = "sha256:de526c12914f0c550d15924c62d72abc48d6fe7364aa87328337a31007fe8a4f"},
]

[[package]]
name = "zipp"
version = "3.19.2"
description = "Backport of pathlib-compatible object wrapper for zip files"
optional = false
python-versions = ">=3.8"
files = [
    {file = "zipp-3.19.2-py3-none-any.whl", hash = "sha256:f091755f667055f2d02b32c53771a7a6c8b47e1fdbc4b72a8b9072b3eef8015c"},
    {file = "zipp-3.19.2.tar.gz", hash = "sha256:bf1dcf6450f873a13e952a29504887c89e6de7506209e5b1bcc3460135d4de19"},
]

[package.extras]
doc = ["furo", "jaraco.packaging (>=9.3)", "jaraco.tidelift (>=1.4)", "rst.linker (>=1.9)", "sphinx (>=3.5)", "sphinx-lint"]
test = ["big-O", "importlib-resources", "jaraco.functools", "jaraco.itertools", "jaraco.test", "more-itertools", "pytest (>=6,!=8.1.*)", "pytest-checkdocs (>=2.4)", "pytest-cov", "pytest-enabler (>=2.2)", "pytest-ignore-flaky", "pytest-mypy", "pytest-ruff (>=0.2.1)"]

[metadata]
lock-version = "2.0"
python-versions = "^3.9"
content-hash = "779b3ee07fee2ef1d80858f71ece2a2423c9c0bd40314bdb151789d21ac9a57c"
